// !$*UTF8*$!
{
	archiveVersion = 1;
	classes = {
	};
	objectVersion = 46;
	objects = {

/* Begin PBXBuildFile section */
		D33792E21E9083230093249E /* NoteView.swift in Sources */ = {isa = PBXBuildFile; fileRef = D33792E11E9083230093249E /* NoteView.swift */; };
		D33792E41E90835C0093249E /* NoteViewController.swift in Sources */ = {isa = PBXBuildFile; fileRef = D33792E31E90835C0093249E /* NoteViewController.swift */; };
		D33792E61E90838D0093249E /* Note.swift in Sources */ = {isa = PBXBuildFile; fileRef = D33792E51E90838D0093249E /* Note.swift */; };
		D33792EC1E913D020093249E /* NSColorExtensions.swift in Sources */ = {isa = PBXBuildFile; fileRef = D33792EB1E913D020093249E /* NSColorExtensions.swift */; };
		D33792EE1E913EAD0093249E /* Config.swift in Sources */ = {isa = PBXBuildFile; fileRef = D33792ED1E913EAD0093249E /* Config.swift */; };
		D33792F01E9146840093249E /* StringExtensions.swift in Sources */ = {isa = PBXBuildFile; fileRef = D33792EF1E9146840093249E /* StringExtensions.swift */; };
		D3A8969C1E918C6900CAA9D7 /* Song.swift in Sources */ = {isa = PBXBuildFile; fileRef = D3A8969B1E918C6900CAA9D7 /* Song.swift */; };
		D3A8969E1E918E8E00CAA9D7 /* MIDIClip.swift in Sources */ = {isa = PBXBuildFile; fileRef = D3A8969D1E918E8E00CAA9D7 /* MIDIClip.swift */; };
		D3A896A11E918E9D00CAA9D7 /* AudioClip.swift in Sources */ = {isa = PBXBuildFile; fileRef = D3A896A01E918E9D00CAA9D7 /* AudioClip.swift */; };
		D3A896A31E918F4D00CAA9D7 /* ClipTrack.swift in Sources */ = {isa = PBXBuildFile; fileRef = D3A896A21E918F4D00CAA9D7 /* ClipTrack.swift */; };
		D3A896A51E91969D00CAA9D7 /* Vector2.swift in Sources */ = {isa = PBXBuildFile; fileRef = D3A896A41E91969D00CAA9D7 /* Vector2.swift */; };
		D3A896A71E91983E00CAA9D7 /* MasterTrack.swift in Sources */ = {isa = PBXBuildFile; fileRef = D3A896A61E91983E00CAA9D7 /* MasterTrack.swift */; };
		D3A896A91E919AFB00CAA9D7 /* TimeSignature.swift in Sources */ = {isa = PBXBuildFile; fileRef = D3A896A81E919AFB00CAA9D7 /* TimeSignature.swift */; };
		D3A896AB1E919C9D00CAA9D7 /* ClipSlot.swift in Sources */ = {isa = PBXBuildFile; fileRef = D3A896AA1E919C9D00CAA9D7 /* ClipSlot.swift */; };
		D3C1CAE11E915A0100B9F58E /* DoubleExtensions.swift in Sources */ = {isa = PBXBuildFile; fileRef = D3C1CAE01E915A0100B9F58E /* DoubleExtensions.swift */; };
		D3C1CAE31E915D5300B9F58E /* CGFloatExtensions.swift in Sources */ = {isa = PBXBuildFile; fileRef = D3C1CAE21E915D5300B9F58E /* CGFloatExtensions.swift */; };
		D3DD67E51E907CCB00BFF022 /* PianoRollGridView.swift in Sources */ = {isa = PBXBuildFile; fileRef = D3DD67E41E907CCB00BFF022 /* PianoRollGridView.swift */; };
		D3DDBFD31E903449002FEF67 /* AppDelegate.swift in Sources */ = {isa = PBXBuildFile; fileRef = D3DDBFD21E903449002FEF67 /* AppDelegate.swift */; };
		D3DDBFD51E903449002FEF67 /* ViewController.swift in Sources */ = {isa = PBXBuildFile; fileRef = D3DDBFD41E903449002FEF67 /* ViewController.swift */; };
		D3DDBFD71E903449002FEF67 /* Document.swift in Sources */ = {isa = PBXBuildFile; fileRef = D3DDBFD61E903449002FEF67 /* Document.swift */; };
		D3DDBFD91E903449002FEF67 /* Assets.xcassets in Resources */ = {isa = PBXBuildFile; fileRef = D3DDBFD81E903449002FEF67 /* Assets.xcassets */; };
		D3DDBFDC1E903449002FEF67 /* Main.storyboard in Resources */ = {isa = PBXBuildFile; fileRef = D3DDBFDA1E903449002FEF67 /* Main.storyboard */; };
		D3DDBFE71E903449002FEF67 /* SaltTests.swift in Sources */ = {isa = PBXBuildFile; fileRef = D3DDBFE61E903449002FEF67 /* SaltTests.swift */; };
		D3DDBFF21E903449002FEF67 /* SaltUITests.swift in Sources */ = {isa = PBXBuildFile; fileRef = D3DDBFF11E903449002FEF67 /* SaltUITests.swift */; };
		D3F2F9781E91688A00766B00 /* PianoRollGridDataSource.swift in Sources */ = {isa = PBXBuildFile; fileRef = D3F2F9771E91688A00766B00 /* PianoRollGridDataSource.swift */; };
		D3F2F97A1E9168B200766B00 /* PianoRollGridController.swift in Sources */ = {isa = PBXBuildFile; fileRef = D3F2F9791E9168B200766B00 /* PianoRollGridController.swift */; };
		D3F2F98B1E9180FC00766B00 /* App.swift in Sources */ = {isa = PBXBuildFile; fileRef = D3F2F98A1E9180FC00766B00 /* App.swift */; };
		D3F2F98E1E9185D700766B00 /* Clip.swift in Sources */ = {isa = PBXBuildFile; fileRef = D3F2F98D1E9185D700766B00 /* Clip.swift */; };
		D3F2F9911E91860B00766B00 /* Track.swift in Sources */ = {isa = PBXBuildFile; fileRef = D3F2F9901E91860B00766B00 /* Track.swift */; };
		D3F2F9941E91880700766B00 /* Preferences.plist in Resources */ = {isa = PBXBuildFile; fileRef = D3F2F9931E91880700766B00 /* Preferences.plist */; };
		D3F2F9971E91897800766B00 /* AudioTrack.swift in Sources */ = {isa = PBXBuildFile; fileRef = D3F2F9961E91897800766B00 /* AudioTrack.swift */; };
		D3F2F99A1E91899900766B00 /* MIDITrack.swift in Sources */ = {isa = PBXBuildFile; fileRef = D3F2F9991E91899900766B00 /* MIDITrack.swift */; };
		D3F2F99C1E9189B700766B00 /* Node.swift in Sources */ = {isa = PBXBuildFile; fileRef = D3F2F99B1E9189B700766B00 /* Node.swift */; };
		D3F2F99E1E9189F300766B00 /* ReturnTrack.swift in Sources */ = {isa = PBXBuildFile; fileRef = D3F2F99D1E9189F300766B00 /* ReturnTrack.swift */; };
		D3F2F9A01E918A0A00766B00 /* AutomationTrack.swift in Sources */ = {isa = PBXBuildFile; fileRef = D3F2F99F1E918A0A00766B00 /* AutomationTrack.swift */; };
/* End PBXBuildFile section */

/* Begin PBXContainerItemProxy section */
		D3DDBFE31E903449002FEF67 /* PBXContainerItemProxy */ = {
			isa = PBXContainerItemProxy;
			containerPortal = D3DDBFC71E903449002FEF67 /* Project object */;
			proxyType = 1;
			remoteGlobalIDString = D3DDBFCE1E903449002FEF67;
			remoteInfo = Salt;
		};
		D3DDBFEE1E903449002FEF67 /* PBXContainerItemProxy */ = {
			isa = PBXContainerItemProxy;
			containerPortal = D3DDBFC71E903449002FEF67 /* Project object */;
			proxyType = 1;
			remoteGlobalIDString = D3DDBFCE1E903449002FEF67;
			remoteInfo = Salt;
		};
/* End PBXContainerItemProxy section */

/* Begin PBXCopyFilesBuildPhase section */
		D3F2F9841E9178B500766B00 /* Embed Frameworks */ = {
			isa = PBXCopyFilesBuildPhase;
			buildActionMask = 2147483647;
			dstPath = "";
			dstSubfolderSpec = 10;
			files = (
			);
			name = "Embed Frameworks";
			runOnlyForDeploymentPostprocessing = 0;
		};
/* End PBXCopyFilesBuildPhase section */

/* Begin PBXFileReference section */
		D33792E11E9083230093249E /* NoteView.swift */ = {isa = PBXFileReference; fileEncoding = 4; lastKnownFileType = sourcecode.swift; path = NoteView.swift; sourceTree = "<group>"; };
		D33792E31E90835C0093249E /* NoteViewController.swift */ = {isa = PBXFileReference; fileEncoding = 4; lastKnownFileType = sourcecode.swift; path = NoteViewController.swift; sourceTree = "<group>"; };
		D33792E51E90838D0093249E /* Note.swift */ = {isa = PBXFileReference; fileEncoding = 4; lastKnownFileType = sourcecode.swift; path = Note.swift; sourceTree = "<group>"; };
		D33792EB1E913D020093249E /* NSColorExtensions.swift */ = {isa = PBXFileReference; fileEncoding = 4; lastKnownFileType = sourcecode.swift; path = NSColorExtensions.swift; sourceTree = "<group>"; };
		D33792ED1E913EAD0093249E /* Config.swift */ = {isa = PBXFileReference; fileEncoding = 4; lastKnownFileType = sourcecode.swift; path = Config.swift; sourceTree = "<group>"; };
		D33792EF1E9146840093249E /* StringExtensions.swift */ = {isa = PBXFileReference; fileEncoding = 4; lastKnownFileType = sourcecode.swift; path = StringExtensions.swift; sourceTree = "<group>"; };
		D3A8969B1E918C6900CAA9D7 /* Song.swift */ = {isa = PBXFileReference; fileEncoding = 4; lastKnownFileType = sourcecode.swift; path = Song.swift; sourceTree = "<group>"; };
		D3A8969D1E918E8E00CAA9D7 /* MIDIClip.swift */ = {isa = PBXFileReference; fileEncoding = 4; lastKnownFileType = sourcecode.swift; path = MIDIClip.swift; sourceTree = "<group>"; };
		D3A896A01E918E9D00CAA9D7 /* AudioClip.swift */ = {isa = PBXFileReference; fileEncoding = 4; lastKnownFileType = sourcecode.swift; path = AudioClip.swift; sourceTree = "<group>"; };
		D3A896A21E918F4D00CAA9D7 /* ClipTrack.swift */ = {isa = PBXFileReference; fileEncoding = 4; lastKnownFileType = sourcecode.swift; path = ClipTrack.swift; sourceTree = "<group>"; };
		D3A896A41E91969D00CAA9D7 /* Vector2.swift */ = {isa = PBXFileReference; fileEncoding = 4; lastKnownFileType = sourcecode.swift; path = Vector2.swift; sourceTree = "<group>"; };
		D3A896A61E91983E00CAA9D7 /* MasterTrack.swift */ = {isa = PBXFileReference; fileEncoding = 4; lastKnownFileType = sourcecode.swift; path = MasterTrack.swift; sourceTree = "<group>"; };
		D3A896A81E919AFB00CAA9D7 /* TimeSignature.swift */ = {isa = PBXFileReference; fileEncoding = 4; lastKnownFileType = sourcecode.swift; path = TimeSignature.swift; sourceTree = "<group>"; };
		D3A896AA1E919C9D00CAA9D7 /* ClipSlot.swift */ = {isa = PBXFileReference; fileEncoding = 4; lastKnownFileType = sourcecode.swift; path = ClipSlot.swift; sourceTree = "<group>"; };
		D3C1CAE01E915A0100B9F58E /* DoubleExtensions.swift */ = {isa = PBXFileReference; fileEncoding = 4; lastKnownFileType = sourcecode.swift; path = DoubleExtensions.swift; sourceTree = "<group>"; };
		D3C1CAE21E915D5300B9F58E /* CGFloatExtensions.swift */ = {isa = PBXFileReference; fileEncoding = 4; lastKnownFileType = sourcecode.swift; path = CGFloatExtensions.swift; sourceTree = "<group>"; };
		D3DD67E41E907CCB00BFF022 /* PianoRollGridView.swift */ = {isa = PBXFileReference; fileEncoding = 4; lastKnownFileType = sourcecode.swift; path = PianoRollGridView.swift; sourceTree = "<group>"; };
		D3DDBFCF1E903449002FEF67 /* Salt.app */ = {isa = PBXFileReference; explicitFileType = wrapper.application; includeInIndex = 0; path = Salt.app; sourceTree = BUILT_PRODUCTS_DIR; };
		D3DDBFD21E903449002FEF67 /* AppDelegate.swift */ = {isa = PBXFileReference; lastKnownFileType = sourcecode.swift; path = AppDelegate.swift; sourceTree = "<group>"; };
		D3DDBFD41E903449002FEF67 /* ViewController.swift */ = {isa = PBXFileReference; lastKnownFileType = sourcecode.swift; path = ViewController.swift; sourceTree = "<group>"; };
		D3DDBFD61E903449002FEF67 /* Document.swift */ = {isa = PBXFileReference; lastKnownFileType = sourcecode.swift; path = Document.swift; sourceTree = "<group>"; };
		D3DDBFD81E903449002FEF67 /* Assets.xcassets */ = {isa = PBXFileReference; lastKnownFileType = folder.assetcatalog; path = Assets.xcassets; sourceTree = "<group>"; };
		D3DDBFDB1E903449002FEF67 /* Base */ = {isa = PBXFileReference; lastKnownFileType = file.storyboard; name = Base; path = Base.lproj/Main.storyboard; sourceTree = "<group>"; };
		D3DDBFDD1E903449002FEF67 /* Info.plist */ = {isa = PBXFileReference; lastKnownFileType = text.plist.xml; path = Info.plist; sourceTree = "<group>"; };
		D3DDBFE21E903449002FEF67 /* SaltTests.xctest */ = {isa = PBXFileReference; explicitFileType = wrapper.cfbundle; includeInIndex = 0; path = SaltTests.xctest; sourceTree = BUILT_PRODUCTS_DIR; };
		D3DDBFE61E903449002FEF67 /* SaltTests.swift */ = {isa = PBXFileReference; lastKnownFileType = sourcecode.swift; path = SaltTests.swift; sourceTree = "<group>"; };
		D3DDBFE81E903449002FEF67 /* Info.plist */ = {isa = PBXFileReference; lastKnownFileType = text.plist.xml; path = Info.plist; sourceTree = "<group>"; };
		D3DDBFED1E903449002FEF67 /* SaltUITests.xctest */ = {isa = PBXFileReference; explicitFileType = wrapper.cfbundle; includeInIndex = 0; path = SaltUITests.xctest; sourceTree = BUILT_PRODUCTS_DIR; };
		D3DDBFF11E903449002FEF67 /* SaltUITests.swift */ = {isa = PBXFileReference; lastKnownFileType = sourcecode.swift; path = SaltUITests.swift; sourceTree = "<group>"; };
		D3DDBFF31E903449002FEF67 /* Info.plist */ = {isa = PBXFileReference; lastKnownFileType = text.plist.xml; path = Info.plist; sourceTree = "<group>"; };
		D3F2F9771E91688A00766B00 /* PianoRollGridDataSource.swift */ = {isa = PBXFileReference; fileEncoding = 4; lastKnownFileType = sourcecode.swift; path = PianoRollGridDataSource.swift; sourceTree = "<group>"; };
		D3F2F9791E9168B200766B00 /* PianoRollGridController.swift */ = {isa = PBXFileReference; fileEncoding = 4; lastKnownFileType = sourcecode.swift; path = PianoRollGridController.swift; sourceTree = "<group>"; };
		D3F2F98A1E9180FC00766B00 /* App.swift */ = {isa = PBXFileReference; fileEncoding = 4; lastKnownFileType = sourcecode.swift; path = App.swift; sourceTree = "<group>"; };
		D3F2F98D1E9185D700766B00 /* Clip.swift */ = {isa = PBXFileReference; fileEncoding = 4; lastKnownFileType = sourcecode.swift; path = Clip.swift; sourceTree = "<group>"; };
		D3F2F9901E91860B00766B00 /* Track.swift */ = {isa = PBXFileReference; fileEncoding = 4; lastKnownFileType = sourcecode.swift; path = Track.swift; sourceTree = "<group>"; };
		D3F2F9931E91880700766B00 /* Preferences.plist */ = {isa = PBXFileReference; fileEncoding = 4; lastKnownFileType = text.plist.xml; path = Preferences.plist; sourceTree = "<group>"; };
		D3F2F9961E91897800766B00 /* AudioTrack.swift */ = {isa = PBXFileReference; fileEncoding = 4; lastKnownFileType = sourcecode.swift; path = AudioTrack.swift; sourceTree = "<group>"; };
		D3F2F9991E91899900766B00 /* MIDITrack.swift */ = {isa = PBXFileReference; fileEncoding = 4; lastKnownFileType = sourcecode.swift; path = MIDITrack.swift; sourceTree = "<group>"; };
		D3F2F99B1E9189B700766B00 /* Node.swift */ = {isa = PBXFileReference; fileEncoding = 4; lastKnownFileType = sourcecode.swift; path = Node.swift; sourceTree = "<group>"; };
		D3F2F99D1E9189F300766B00 /* ReturnTrack.swift */ = {isa = PBXFileReference; fileEncoding = 4; lastKnownFileType = sourcecode.swift; path = ReturnTrack.swift; sourceTree = "<group>"; };
		D3F2F99F1E918A0A00766B00 /* AutomationTrack.swift */ = {isa = PBXFileReference; fileEncoding = 4; lastKnownFileType = sourcecode.swift; path = AutomationTrack.swift; sourceTree = "<group>"; };
/* End PBXFileReference section */

/* Begin PBXFrameworksBuildPhase section */
		D3DDBFCC1E903449002FEF67 /* Frameworks */ = {
			isa = PBXFrameworksBuildPhase;
			buildActionMask = 2147483647;
			files = (
			);
			runOnlyForDeploymentPostprocessing = 0;
		};
		D3DDBFDF1E903449002FEF67 /* Frameworks */ = {
			isa = PBXFrameworksBuildPhase;
			buildActionMask = 2147483647;
			files = (
			);
			runOnlyForDeploymentPostprocessing = 0;
		};
		D3DDBFEA1E903449002FEF67 /* Frameworks */ = {
			isa = PBXFrameworksBuildPhase;
			buildActionMask = 2147483647;
			files = (
			);
			runOnlyForDeploymentPostprocessing = 0;
		};
/* End PBXFrameworksBuildPhase section */

/* Begin PBXGroup section */
		D33792E71E90843A0093249E /* Note */ = {
			isa = PBXGroup;
			children = (
				D33792E11E9083230093249E /* NoteView.swift */,
				D33792E31E90835C0093249E /* NoteViewController.swift */,
			);
			name = Note;
			sourceTree = "<group>";
		};
		D33792EA1E913CF10093249E /* Extensions */ = {
			isa = PBXGroup;
			children = (
				D33792EB1E913D020093249E /* NSColorExtensions.swift */,
				D33792EF1E9146840093249E /* StringExtensions.swift */,
				D3C1CAE01E915A0100B9F58E /* DoubleExtensions.swift */,
				D3C1CAE21E915D5300B9F58E /* CGFloatExtensions.swift */,
			);
			name = Extensions;
			sourceTree = "<group>";
		};
		D3A8969F1E918E9100CAA9D7 /* Clips */ = {
			isa = PBXGroup;
			children = (
				D3A8969D1E918E8E00CAA9D7 /* MIDIClip.swift */,
				D3A896A01E918E9D00CAA9D7 /* AudioClip.swift */,
				D3A896AA1E919C9D00CAA9D7 /* ClipSlot.swift */,
			);
			name = Clips;
			sourceTree = "<group>";
		};
		D3DD67E31E907CAD00BFF022 /* Piano Roll */ = {
			isa = PBXGroup;
			children = (
				D3DD67E41E907CCB00BFF022 /* PianoRollGridView.swift */,
				D3F2F9771E91688A00766B00 /* PianoRollGridDataSource.swift */,
				D3F2F9791E9168B200766B00 /* PianoRollGridController.swift */,
			);
			name = "Piano Roll";
			sourceTree = "<group>";
		};
		D3DDBFC61E903449002FEF67 = {
			isa = PBXGroup;
			children = (
				D3DDBFD11E903449002FEF67 /* Salt */,
				D3DDBFE51E903449002FEF67 /* SaltTests */,
				D3DDBFF01E903449002FEF67 /* SaltUITests */,
				D3DDBFD01E903449002FEF67 /* Products */,
			);
			sourceTree = "<group>";
		};
		D3DDBFD01E903449002FEF67 /* Products */ = {
			isa = PBXGroup;
			children = (
				D3DDBFCF1E903449002FEF67 /* Salt.app */,
				D3DDBFE21E903449002FEF67 /* SaltTests.xctest */,
				D3DDBFED1E903449002FEF67 /* SaltUITests.xctest */,
			);
			name = Products;
			sourceTree = "<group>";
		};
		D3DDBFD11E903449002FEF67 /* Salt */ = {
			isa = PBXGroup;
			children = (
				D3F2F9951E91895E00766B00 /* Protocols */,
				D3F2F98F1E9185F800766B00 /* Sequencer */,
				D3F2F98C1E9185C400766B00 /* Models */,
				D33792EA1E913CF10093249E /* Extensions */,
				D3DDBFD21E903449002FEF67 /* AppDelegate.swift */,
				D3DDBFD41E903449002FEF67 /* ViewController.swift */,
				D3DDBFD61E903449002FEF67 /* Document.swift */,
				D3DDBFD81E903449002FEF67 /* Assets.xcassets */,
				D3DDBFDA1E903449002FEF67 /* Main.storyboard */,
				D3DDBFDD1E903449002FEF67 /* Info.plist */,
				D3F2F9931E91880700766B00 /* Preferences.plist */,
				D33792ED1E913EAD0093249E /* Config.swift */,
				D3F2F98A1E9180FC00766B00 /* App.swift */,
			);
			path = Salt;
			sourceTree = "<group>";
		};
		D3DDBFE51E903449002FEF67 /* SaltTests */ = {
			isa = PBXGroup;
			children = (
				D3DDBFE61E903449002FEF67 /* SaltTests.swift */,
				D3DDBFE81E903449002FEF67 /* Info.plist */,
			);
			path = SaltTests;
			sourceTree = "<group>";
		};
		D3DDBFF01E903449002FEF67 /* SaltUITests */ = {
			isa = PBXGroup;
			children = (
				D3DDBFF11E903449002FEF67 /* SaltUITests.swift */,
				D3DDBFF31E903449002FEF67 /* Info.plist */,
			);
			path = SaltUITests;
			sourceTree = "<group>";
		};
		D3F2F98C1E9185C400766B00 /* Models */ = {
			isa = PBXGroup;
			children = (
				D3A8969F1E918E9100CAA9D7 /* Clips */,
				D3F2F9981E91898A00766B00 /* Tracks */,
				D33792E51E90838D0093249E /* Note.swift */,
				D3A8969B1E918C6900CAA9D7 /* Song.swift */,
				D3A896A41E91969D00CAA9D7 /* Vector2.swift */,
				D3A896A81E919AFB00CAA9D7 /* TimeSignature.swift */,
			);
			name = Models;
			sourceTree = "<group>";
		};
		D3F2F98F1E9185F800766B00 /* Sequencer */ = {
			isa = PBXGroup;
			children = (
				D33792E71E90843A0093249E /* Note */,
				D3DD67E31E907CAD00BFF022 /* Piano Roll */,
			);
			name = Sequencer;
			sourceTree = "<group>";
		};
		D3F2F9951E91895E00766B00 /* Protocols */ = {
			isa = PBXGroup;
			children = (
				D3F2F98D1E9185D700766B00 /* Clip.swift */,
				D3F2F9901E91860B00766B00 /* Track.swift */,
				D3F2F99B1E9189B700766B00 /* Node.swift */,
				D3A896A21E918F4D00CAA9D7 /* ClipTrack.swift */,
			);
			name = Protocols;
			sourceTree = "<group>";
		};
		D3F2F9981E91898A00766B00 /* Tracks */ = {
			isa = PBXGroup;
			children = (
				D3F2F9961E91897800766B00 /* AudioTrack.swift */,
				D3F2F9991E91899900766B00 /* MIDITrack.swift */,
				D3F2F99D1E9189F300766B00 /* ReturnTrack.swift */,
				D3F2F99F1E918A0A00766B00 /* AutomationTrack.swift */,
				D3A896A61E91983E00CAA9D7 /* MasterTrack.swift */,
			);
			name = Tracks;
			sourceTree = "<group>";
		};
/* End PBXGroup section */

/* Begin PBXNativeTarget section */
		D3DDBFCE1E903449002FEF67 /* Salt */ = {
			isa = PBXNativeTarget;
			buildConfigurationList = D3DDBFF61E903449002FEF67 /* Build configuration list for PBXNativeTarget "Salt" */;
			buildPhases = (
				D3DDBFCB1E903449002FEF67 /* Sources */,
				D3DDBFCC1E903449002FEF67 /* Frameworks */,
				D3DDBFCD1E903449002FEF67 /* Resources */,
				D3F2F9841E9178B500766B00 /* Embed Frameworks */,
			);
			buildRules = (
			);
			dependencies = (
			);
			name = Salt;
			productName = Salt;
			productReference = D3DDBFCF1E903449002FEF67 /* Salt.app */;
			productType = "com.apple.product-type.application";
		};
		D3DDBFE11E903449002FEF67 /* SaltTests */ = {
			isa = PBXNativeTarget;
			buildConfigurationList = D3DDBFF91E903449002FEF67 /* Build configuration list for PBXNativeTarget "SaltTests" */;
			buildPhases = (
				D3DDBFDE1E903449002FEF67 /* Sources */,
				D3DDBFDF1E903449002FEF67 /* Frameworks */,
				D3DDBFE01E903449002FEF67 /* Resources */,
			);
			buildRules = (
			);
			dependencies = (
				D3DDBFE41E903449002FEF67 /* PBXTargetDependency */,
			);
			name = SaltTests;
			productName = SaltTests;
			productReference = D3DDBFE21E903449002FEF67 /* SaltTests.xctest */;
			productType = "com.apple.product-type.bundle.unit-test";
		};
		D3DDBFEC1E903449002FEF67 /* SaltUITests */ = {
			isa = PBXNativeTarget;
			buildConfigurationList = D3DDBFFC1E903449002FEF67 /* Build configuration list for PBXNativeTarget "SaltUITests" */;
			buildPhases = (
				D3DDBFE91E903449002FEF67 /* Sources */,
				D3DDBFEA1E903449002FEF67 /* Frameworks */,
				D3DDBFEB1E903449002FEF67 /* Resources */,
			);
			buildRules = (
			);
			dependencies = (
				D3DDBFEF1E903449002FEF67 /* PBXTargetDependency */,
			);
			name = SaltUITests;
			productName = SaltUITests;
			productReference = D3DDBFED1E903449002FEF67 /* SaltUITests.xctest */;
			productType = "com.apple.product-type.bundle.ui-testing";
		};
/* End PBXNativeTarget section */

/* Begin PBXProject section */
		D3DDBFC71E903449002FEF67 /* Project object */ = {
			isa = PBXProject;
			attributes = {
				LastSwiftUpdateCheck = 0830;
				LastUpgradeCheck = 0830;
				ORGANIZATIONNAME = Iko;
				TargetAttributes = {
					D3DDBFCE1E903449002FEF67 = {
						CreatedOnToolsVersion = 8.3;
						DevelopmentTeam = B4MRNC88BC;
						ProvisioningStyle = Automatic;
					};
					D3DDBFE11E903449002FEF67 = {
						CreatedOnToolsVersion = 8.3;
						DevelopmentTeam = B4MRNC88BC;
						ProvisioningStyle = Automatic;
						TestTargetID = D3DDBFCE1E903449002FEF67;
					};
					D3DDBFEC1E903449002FEF67 = {
						CreatedOnToolsVersion = 8.3;
						DevelopmentTeam = B4MRNC88BC;
						ProvisioningStyle = Automatic;
						TestTargetID = D3DDBFCE1E903449002FEF67;
					};
				};
			};
			buildConfigurationList = D3DDBFCA1E903449002FEF67 /* Build configuration list for PBXProject "Salt" */;
			compatibilityVersion = "Xcode 3.2";
			developmentRegion = English;
			hasScannedForEncodings = 0;
			knownRegions = (
				en,
				Base,
			);
			mainGroup = D3DDBFC61E903449002FEF67;
			productRefGroup = D3DDBFD01E903449002FEF67 /* Products */;
			projectDirPath = "";
			projectRoot = "";
			targets = (
				D3DDBFCE1E903449002FEF67 /* Salt */,
				D3DDBFE11E903449002FEF67 /* SaltTests */,
				D3DDBFEC1E903449002FEF67 /* SaltUITests */,
			);
		};
/* End PBXProject section */

/* Begin PBXResourcesBuildPhase section */
		D3DDBFCD1E903449002FEF67 /* Resources */ = {
			isa = PBXResourcesBuildPhase;
			buildActionMask = 2147483647;
			files = (
				D3DDBFD91E903449002FEF67 /* Assets.xcassets in Resources */,
				D3F2F9941E91880700766B00 /* Preferences.plist in Resources */,
				D3DDBFDC1E903449002FEF67 /* Main.storyboard in Resources */,
			);
			runOnlyForDeploymentPostprocessing = 0;
		};
		D3DDBFE01E903449002FEF67 /* Resources */ = {
			isa = PBXResourcesBuildPhase;
			buildActionMask = 2147483647;
			files = (
			);
			runOnlyForDeploymentPostprocessing = 0;
		};
		D3DDBFEB1E903449002FEF67 /* Resources */ = {
			isa = PBXResourcesBuildPhase;
			buildActionMask = 2147483647;
			files = (
			);
			runOnlyForDeploymentPostprocessing = 0;
		};
/* End PBXResourcesBuildPhase section */

/* Begin PBXSourcesBuildPhase section */
		D3DDBFCB1E903449002FEF67 /* Sources */ = {
			isa = PBXSourcesBuildPhase;
			buildActionMask = 2147483647;
			files = (
				D3DDBFD51E903449002FEF67 /* ViewController.swift in Sources */,
				D3A896A71E91983E00CAA9D7 /* MasterTrack.swift in Sources */,
				D3F2F9A01E918A0A00766B00 /* AutomationTrack.swift in Sources */,
				D33792E21E9083230093249E /* NoteView.swift in Sources */,
				D3F2F99A1E91899900766B00 /* MIDITrack.swift in Sources */,
				D3A8969E1E918E8E00CAA9D7 /* MIDIClip.swift in Sources */,
				D3C1CAE31E915D5300B9F58E /* CGFloatExtensions.swift in Sources */,
				D3F2F98B1E9180FC00766B00 /* App.swift in Sources */,
				D33792F01E9146840093249E /* StringExtensions.swift in Sources */,
				D33792EE1E913EAD0093249E /* Config.swift in Sources */,
				D33792EC1E913D020093249E /* NSColorExtensions.swift in Sources */,
				D3F2F99E1E9189F300766B00 /* ReturnTrack.swift in Sources */,
				D3A896A31E918F4D00CAA9D7 /* ClipTrack.swift in Sources */,
				D3A8969C1E918C6900CAA9D7 /* Song.swift in Sources */,
				D33792E61E90838D0093249E /* Note.swift in Sources */,
				D3A896A91E919AFB00CAA9D7 /* TimeSignature.swift in Sources */,
				D3F2F9971E91897800766B00 /* AudioTrack.swift in Sources */,
				D3DDBFD31E903449002FEF67 /* AppDelegate.swift in Sources */,
				D3A896A11E918E9D00CAA9D7 /* AudioClip.swift in Sources */,
				D3A896AB1E919C9D00CAA9D7 /* ClipSlot.swift in Sources */,
				D3F2F99C1E9189B700766B00 /* Node.swift in Sources */,
				D3F2F97A1E9168B200766B00 /* PianoRollGridController.swift in Sources */,
				D3A896A51E91969D00CAA9D7 /* Vector2.swift in Sources */,
				D3DD67E51E907CCB00BFF022 /* PianoRollGridView.swift in Sources */,
				D33792E41E90835C0093249E /* NoteViewController.swift in Sources */,
				D3F2F9911E91860B00766B00 /* Track.swift in Sources */,
				D3DDBFD71E903449002FEF67 /* Document.swift in Sources */,
				D3F2F98E1E9185D700766B00 /* Clip.swift in Sources */,
				D3C1CAE11E915A0100B9F58E /* DoubleExtensions.swift in Sources */,
				D3F2F9781E91688A00766B00 /* PianoRollGridDataSource.swift in Sources */,
			);
			runOnlyForDeploymentPostprocessing = 0;
		};
		D3DDBFDE1E903449002FEF67 /* Sources */ = {
			isa = PBXSourcesBuildPhase;
			buildActionMask = 2147483647;
			files = (
				D3DDBFE71E903449002FEF67 /* SaltTests.swift in Sources */,
			);
			runOnlyForDeploymentPostprocessing = 0;
		};
		D3DDBFE91E903449002FEF67 /* Sources */ = {
			isa = PBXSourcesBuildPhase;
			buildActionMask = 2147483647;
			files = (
				D3DDBFF21E903449002FEF67 /* SaltUITests.swift in Sources */,
			);
			runOnlyForDeploymentPostprocessing = 0;
		};
/* End PBXSourcesBuildPhase section */

/* Begin PBXTargetDependency section */
		D3DDBFE41E903449002FEF67 /* PBXTargetDependency */ = {
			isa = PBXTargetDependency;
			target = D3DDBFCE1E903449002FEF67 /* Salt */;
			targetProxy = D3DDBFE31E903449002FEF67 /* PBXContainerItemProxy */;
		};
		D3DDBFEF1E903449002FEF67 /* PBXTargetDependency */ = {
			isa = PBXTargetDependency;
			target = D3DDBFCE1E903449002FEF67 /* Salt */;
			targetProxy = D3DDBFEE1E903449002FEF67 /* PBXContainerItemProxy */;
		};
/* End PBXTargetDependency section */

/* Begin PBXVariantGroup section */
		D3DDBFDA1E903449002FEF67 /* Main.storyboard */ = {
			isa = PBXVariantGroup;
			children = (
				D3DDBFDB1E903449002FEF67 /* Base */,
			);
			name = Main.storyboard;
			sourceTree = "<group>";
		};
/* End PBXVariantGroup section */

/* Begin XCBuildConfiguration section */
		D3DDBFF41E903449002FEF67 /* Debug */ = {
			isa = XCBuildConfiguration;
			buildSettings = {
				ALWAYS_SEARCH_USER_PATHS = NO;
				CLANG_ANALYZER_NONNULL = YES;
				CLANG_ANALYZER_NUMBER_OBJECT_CONVERSION = YES_AGGRESSIVE;
				CLANG_CXX_LANGUAGE_STANDARD = "gnu++0x";
				CLANG_CXX_LIBRARY = "libc++";
				CLANG_ENABLE_MODULES = YES;
				CLANG_ENABLE_OBJC_ARC = YES;
				CLANG_WARN_BOOL_CONVERSION = YES;
				CLANG_WARN_CONSTANT_CONVERSION = YES;
				CLANG_WARN_DIRECT_OBJC_ISA_USAGE = YES_ERROR;
				CLANG_WARN_DOCUMENTATION_COMMENTS = YES;
				CLANG_WARN_EMPTY_BODY = YES;
				CLANG_WARN_ENUM_CONVERSION = YES;
				CLANG_WARN_INFINITE_RECURSION = YES;
				CLANG_WARN_INT_CONVERSION = YES;
				CLANG_WARN_OBJC_ROOT_CLASS = YES_ERROR;
				CLANG_WARN_SUSPICIOUS_MOVE = YES;
				CLANG_WARN_UNREACHABLE_CODE = YES;
				CLANG_WARN__DUPLICATE_METHOD_MATCH = YES;
				CODE_SIGN_IDENTITY = "-";
				COPY_PHASE_STRIP = NO;
				DEBUG_INFORMATION_FORMAT = dwarf;
				ENABLE_STRICT_OBJC_MSGSEND = YES;
				ENABLE_TESTABILITY = YES;
				GCC_C_LANGUAGE_STANDARD = gnu99;
				GCC_DYNAMIC_NO_PIC = NO;
				GCC_NO_COMMON_BLOCKS = YES;
				GCC_OPTIMIZATION_LEVEL = 0;
				GCC_PREPROCESSOR_DEFINITIONS = (
					"DEBUG=1",
					"$(inherited)",
				);
				GCC_WARN_64_TO_32_BIT_CONVERSION = YES;
				GCC_WARN_ABOUT_RETURN_TYPE = YES_ERROR;
				GCC_WARN_UNDECLARED_SELECTOR = YES;
				GCC_WARN_UNINITIALIZED_AUTOS = YES_AGGRESSIVE;
				GCC_WARN_UNUSED_FUNCTION = YES;
				GCC_WARN_UNUSED_VARIABLE = YES;
				MACOSX_DEPLOYMENT_TARGET = 10.12;
				MTL_ENABLE_DEBUG_INFO = YES;
				ONLY_ACTIVE_ARCH = YES;
				SDKROOT = macosx;
				SWIFT_ACTIVE_COMPILATION_CONDITIONS = DEBUG;
				SWIFT_OPTIMIZATION_LEVEL = "-Onone";
			};
			name = Debug;
		};
		D3DDBFF51E903449002FEF67 /* Release */ = {
			isa = XCBuildConfiguration;
			buildSettings = {
				ALWAYS_SEARCH_USER_PATHS = NO;
				CLANG_ANALYZER_NONNULL = YES;
				CLANG_ANALYZER_NUMBER_OBJECT_CONVERSION = YES_AGGRESSIVE;
				CLANG_CXX_LANGUAGE_STANDARD = "gnu++0x";
				CLANG_CXX_LIBRARY = "libc++";
				CLANG_ENABLE_MODULES = YES;
				CLANG_ENABLE_OBJC_ARC = YES;
				CLANG_WARN_BOOL_CONVERSION = YES;
				CLANG_WARN_CONSTANT_CONVERSION = YES;
				CLANG_WARN_DIRECT_OBJC_ISA_USAGE = YES_ERROR;
				CLANG_WARN_DOCUMENTATION_COMMENTS = YES;
				CLANG_WARN_EMPTY_BODY = YES;
				CLANG_WARN_ENUM_CONVERSION = YES;
				CLANG_WARN_INFINITE_RECURSION = YES;
				CLANG_WARN_INT_CONVERSION = YES;
				CLANG_WARN_OBJC_ROOT_CLASS = YES_ERROR;
				CLANG_WARN_SUSPICIOUS_MOVE = YES;
				CLANG_WARN_UNREACHABLE_CODE = YES;
				CLANG_WARN__DUPLICATE_METHOD_MATCH = YES;
				CODE_SIGN_IDENTITY = "-";
				COPY_PHASE_STRIP = NO;
				DEBUG_INFORMATION_FORMAT = "dwarf-with-dsym";
				ENABLE_NS_ASSERTIONS = NO;
				ENABLE_STRICT_OBJC_MSGSEND = YES;
				GCC_C_LANGUAGE_STANDARD = gnu99;
				GCC_NO_COMMON_BLOCKS = YES;
				GCC_WARN_64_TO_32_BIT_CONVERSION = YES;
				GCC_WARN_ABOUT_RETURN_TYPE = YES_ERROR;
				GCC_WARN_UNDECLARED_SELECTOR = YES;
				GCC_WARN_UNINITIALIZED_AUTOS = YES_AGGRESSIVE;
				GCC_WARN_UNUSED_FUNCTION = YES;
				GCC_WARN_UNUSED_VARIABLE = YES;
				MACOSX_DEPLOYMENT_TARGET = 10.12;
				MTL_ENABLE_DEBUG_INFO = NO;
				SDKROOT = macosx;
				SWIFT_OPTIMIZATION_LEVEL = "-Owholemodule";
			};
			name = Release;
		};
		D3DDBFF71E903449002FEF67 /* Debug */ = {
			isa = XCBuildConfiguration;
			buildSettings = {
				ASSETCATALOG_COMPILER_APPICON_NAME = AppIcon;
				COMBINE_HIDPI_IMAGES = YES;
				DEVELOPMENT_TEAM = B4MRNC88BC;
				FRAMEWORK_SEARCH_PATHS = "$(inherited)";
				INFOPLIST_FILE = Salt/Info.plist;
				LD_RUNPATH_SEARCH_PATHS = "$(inherited) @executable_path/../Frameworks";
				PRODUCT_BUNDLE_IDENTIFIER = com.iko.productivity.Salt;
				PRODUCT_NAME = "$(TARGET_NAME)";
				SWIFT_VERSION = 3.0;
			};
			name = Debug;
		};
		D3DDBFF81E903449002FEF67 /* Release */ = {
			isa = XCBuildConfiguration;
			buildSettings = {
				ASSETCATALOG_COMPILER_APPICON_NAME = AppIcon;
				COMBINE_HIDPI_IMAGES = YES;
				DEVELOPMENT_TEAM = B4MRNC88BC;
				FRAMEWORK_SEARCH_PATHS = "$(inherited)";
				INFOPLIST_FILE = Salt/Info.plist;
				LD_RUNPATH_SEARCH_PATHS = "$(inherited) @executable_path/../Frameworks";
				PRODUCT_BUNDLE_IDENTIFIER = com.iko.productivity.Salt;
				PRODUCT_NAME = "$(TARGET_NAME)";
				SWIFT_VERSION = 3.0;
			};
			name = Release;
		};
		D3DDBFFA1E903449002FEF67 /* Debug */ = {
			isa = XCBuildConfiguration;
			buildSettings = {
				ALWAYS_EMBED_SWIFT_STANDARD_LIBRARIES = YES;
				BUNDLE_LOADER = "$(TEST_HOST)";
				COMBINE_HIDPI_IMAGES = YES;
				DEVELOPMENT_TEAM = B4MRNC88BC;
				INFOPLIST_FILE = SaltTests/Info.plist;
				LD_RUNPATH_SEARCH_PATHS = "$(inherited) @executable_path/../Frameworks @loader_path/../Frameworks";
				PRODUCT_BUNDLE_IDENTIFIER = com.iko.productivity.SaltTests;
				PRODUCT_NAME = "$(TARGET_NAME)";
				SWIFT_VERSION = 3.0;
				TEST_HOST = "$(BUILT_PRODUCTS_DIR)/Salt.app/Contents/MacOS/Salt";
			};
			name = Debug;
		};
		D3DDBFFB1E903449002FEF67 /* Release */ = {
			isa = XCBuildConfiguration;
			buildSettings = {
				ALWAYS_EMBED_SWIFT_STANDARD_LIBRARIES = YES;
				BUNDLE_LOADER = "$(TEST_HOST)";
				COMBINE_HIDPI_IMAGES = YES;
				DEVELOPMENT_TEAM = B4MRNC88BC;
				INFOPLIST_FILE = SaltTests/Info.plist;
				LD_RUNPATH_SEARCH_PATHS = "$(inherited) @executable_path/../Frameworks @loader_path/../Frameworks";
				PRODUCT_BUNDLE_IDENTIFIER = com.iko.productivity.SaltTests;
				PRODUCT_NAME = "$(TARGET_NAME)";
				SWIFT_VERSION = 3.0;
				TEST_HOST = "$(BUILT_PRODUCTS_DIR)/Salt.app/Contents/MacOS/Salt";
			};
			name = Release;
		};
		D3DDBFFD1E903449002FEF67 /* Debug */ = {
			isa = XCBuildConfiguration;
			buildSettings = {
				ALWAYS_EMBED_SWIFT_STANDARD_LIBRARIES = YES;
				COMBINE_HIDPI_IMAGES = YES;
				DEVELOPMENT_TEAM = B4MRNC88BC;
				INFOPLIST_FILE = SaltUITests/Info.plist;
				LD_RUNPATH_SEARCH_PATHS = "$(inherited) @executable_path/../Frameworks @loader_path/../Frameworks";
				PRODUCT_BUNDLE_IDENTIFIER = com.iko.productivity.SaltUITests;
				PRODUCT_NAME = "$(TARGET_NAME)";
				SWIFT_VERSION = 3.0;
				TEST_TARGET_NAME = Salt;
			};
			name = Debug;
		};
		D3DDBFFE1E903449002FEF67 /* Release */ = {
			isa = XCBuildConfiguration;
			buildSettings = {
				ALWAYS_EMBED_SWIFT_STANDARD_LIBRARIES = YES;
				COMBINE_HIDPI_IMAGES = YES;
				DEVELOPMENT_TEAM = B4MRNC88BC;
				INFOPLIST_FILE = SaltUITests/Info.plist;
				LD_RUNPATH_SEARCH_PATHS = "$(inherited) @executable_path/../Frameworks @loader_path/../Frameworks";
				PRODUCT_BUNDLE_IDENTIFIER = com.iko.productivity.SaltUITests;
				PRODUCT_NAME = "$(TARGET_NAME)";
				SWIFT_VERSION = 3.0;
				TEST_TARGET_NAME = Salt;
			};
			name = Release;
		};
/* End XCBuildConfiguration section */

/* Begin XCConfigurationList section */
		D3DDBFCA1E903449002FEF67 /* Build configuration list for PBXProject "Salt" */ = {
			isa = XCConfigurationList;
			buildConfigurations = (
				D3DDBFF41E903449002FEF67 /* Debug */,
				D3DDBFF51E903449002FEF67 /* Release */,
			);
			defaultConfigurationIsVisible = 0;
			defaultConfigurationName = Release;
		};
		D3DDBFF61E903449002FEF67 /* Build configuration list for PBXNativeTarget "Salt" */ = {
			isa = XCConfigurationList;
			buildConfigurations = (
				D3DDBFF71E903449002FEF67 /* Debug */,
				D3DDBFF81E903449002FEF67 /* Release */,
			);
			defaultConfigurationIsVisible = 0;
			defaultConfigurationName = Release;
		};
		D3DDBFF91E903449002FEF67 /* Build configuration list for PBXNativeTarget "SaltTests" */ = {
			isa = XCConfigurationList;
			buildConfigurations = (
				D3DDBFFA1E903449002FEF67 /* Debug */,
				D3DDBFFB1E903449002FEF67 /* Release */,
			);
			defaultConfigurationIsVisible = 0;
			defaultConfigurationName = Release;
		};
		D3DDBFFC1E903449002FEF67 /* Build configuration list for PBXNativeTarget "SaltUITests" */ = {
			isa = XCConfigurationList;
			buildConfigurations = (
				D3DDBFFD1E903449002FEF67 /* Debug */,
				D3DDBFFE1E903449002FEF67 /* Release */,
			);
			defaultConfigurationIsVisible = 0;
			defaultConfigurationName = Release;
		};
/* End XCConfigurationList section */
	};
	rootObject = D3DDBFC71E903449002FEF67 /* Project object */;
}
